// !$*UTF8*$!
{
	archiveVersion = 1;
	classes = {
	};
	objectVersion = 46;
	objects = {

/* Begin PBXBuildFile section */
		9A07D8DF1AE4B83F0099C4CB /* AdaptiveCollectionViewFlowLayout.swift in Sources */ = {isa = PBXBuildFile; fileRef = 9A07D8DE1AE4B83F0099C4CB /* AdaptiveCollectionViewFlowLayout.swift */; };
		9A1B1ABC1ADCE3A10016B793 /* PickerViewController.swift in Sources */ = {isa = PBXBuildFile; fileRef = 9A1B1ABB1ADCE3A10016B793 /* PickerViewController.swift */; };
		9A1B1ABE1ADCE9D90016B793 /* WebViewController.swift in Sources */ = {isa = PBXBuildFile; fileRef = 9A1B1ABD1ADCE9D90016B793 /* WebViewController.swift */; };
		9A1B1AC01ADCEFE70016B793 /* WebKit.framework in Frameworks */ = {isa = PBXBuildFile; fileRef = 9A1B1ABF1ADCEFE70016B793 /* WebKit.framework */; };
		9A2873961AD767B0006466BE /* CountriesCapitals.plist in Resources */ = {isa = PBXBuildFile; fileRef = 9A2873951AD767B0006466BE /* CountriesCapitals.plist */; };
		9A28739A1AD76863006466BE /* Country.swift in Sources */ = {isa = PBXBuildFile; fileRef = 9A2873991AD76863006466BE /* Country.swift */; };
		9A28739C1AD76A88006466BE /* CountryCellConfigurator.swift in Sources */ = {isa = PBXBuildFile; fileRef = 9A28739B1AD76A88006466BE /* CountryCellConfigurator.swift */; };
		9A28739F1AD76EA2006466BE /* GrouppedCollection.swift in Sources */ = {isa = PBXBuildFile; fileRef = 9A28739E1AD76EA2006466BE /* GrouppedCollection.swift */; };
		9A2873A71AD7A5D8006466BE /* ScrollViewController.swift in Sources */ = {isa = PBXBuildFile; fileRef = 9A2873A61AD7A5D8006466BE /* ScrollViewController.swift */; };
		9A2873A91AD7AA1D006466BE /* AlertViewController.swift in Sources */ = {isa = PBXBuildFile; fileRef = 9A2873A81AD7AA1D006466BE /* AlertViewController.swift */; };
		9A2C23FB1AEDF6A3007B17CE /* ModalViewController.swift in Sources */ = {isa = PBXBuildFile; fileRef = 9A2C23FA1AEDF6A3007B17CE /* ModalViewController.swift */; };
		9A2C24021AEE01EF007B17CE /* NotSerializableViewController.swift in Sources */ = {isa = PBXBuildFile; fileRef = 9A2C24011AEE01EF007B17CE /* NotSerializableViewController.swift */; };
		9A2C24041AEE110C007B17CE /* StressTestViewController.swift in Sources */ = {isa = PBXBuildFile; fileRef = 9A2C24031AEE110C007B17CE /* StressTestViewController.swift */; };
		9A34799B1AEDD217002103C0 /* AirlineConstraint.swift in Sources */ = {isa = PBXBuildFile; fileRef = 9A34799A1AEDD217002103C0 /* AirlineConstraint.swift */; };
		9A463AF41ADCCE1A00350E3C /* ViewItems.plist in Resources */ = {isa = PBXBuildFile; fileRef = 9A463AF31ADCCE1A00350E3C /* ViewItems.plist */; };
		9A48E1971AE9F91800CDFEAD /* AutoResizingMaskViewController.swift in Sources */ = {isa = PBXBuildFile; fileRef = 9A48E1961AE9F91800CDFEAD /* AutoResizingMaskViewController.swift */; };
		9A48E1991AEA1F7D00CDFEAD /* AirlineBorderView.swift in Sources */ = {isa = PBXBuildFile; fileRef = 9A48E1981AEA1F7D00CDFEAD /* AirlineBorderView.swift */; };
		9A4F0AC21AEDDA30004D9682 /* AlignmentInsetView.swift in Sources */ = {isa = PBXBuildFile; fileRef = 9A4F0AC11AEDDA30004D9682 /* AlignmentInsetView.swift */; };
		9A4F0AC91AEDDCF4004D9682 /* AnchorPointBoundsChangeViewController.swift in Sources */ = {isa = PBXBuildFile; fileRef = 9A4F0AC81AEDDCF4004D9682 /* AnchorPointBoundsChangeViewController.swift */; };
		9A535C491ADB563B0082778A /* ControlsViewController.swift in Sources */ = {isa = PBXBuildFile; fileRef = 9A535C481ADB563B0082778A /* ControlsViewController.swift */; };
		9A535C4D1ADB56A00082778A /* ControlItems.plist in Resources */ = {isa = PBXBuildFile; fileRef = 9A535C4C1ADB56A00082778A /* ControlItems.plist */; };
		9A6850C51AD4A20E00ACCE29 /* Main.storyboard in Resources */ = {isa = PBXBuildFile; fileRef = 9A6850C31AD4A20E00ACCE29 /* Main.storyboard */; };
		9A6850C71AD4A20E00ACCE29 /* Images.xcassets in Resources */ = {isa = PBXBuildFile; fileRef = 9A6850C61AD4A20E00ACCE29 /* Images.xcassets */; };
		9A6850CA1AD4A20E00ACCE29 /* LaunchScreen.xib in Resources */ = {isa = PBXBuildFile; fileRef = 9A6850C81AD4A20E00ACCE29 /* LaunchScreen.xib */; };
		9A87FA761ADC91B800290F7A /* KeyboardHandler.swift in Sources */ = {isa = PBXBuildFile; fileRef = 9A87FA751ADC91B800290F7A /* KeyboardHandler.swift */; };
		9A87FA781ADC953C00290F7A /* CollectableTableViewDataSource.swift in Sources */ = {isa = PBXBuildFile; fileRef = 9A87FA771ADC953C00290F7A /* CollectableTableViewDataSource.swift */; };
		9A87FA7A1ADC975C00290F7A /* MapAnnotationView.swift in Sources */ = {isa = PBXBuildFile; fileRef = 9A87FA791ADC975C00290F7A /* MapAnnotationView.swift */; };
		9A87FA7C1ADCA16500290F7A /* CountryDataSource.swift in Sources */ = {isa = PBXBuildFile; fileRef = 9A87FA7B1ADCA16500290F7A /* CountryDataSource.swift */; };
		9A94E3F11AD63BFD0005BA44 /* Cells.swift in Sources */ = {isa = PBXBuildFile; fileRef = 9A94E3F01AD63BFD0005BA44 /* Cells.swift */; };
		9A94E3F31AD63E610005BA44 /* StockItems.plist in Resources */ = {isa = PBXBuildFile; fileRef = 9A94E3F21AD63E610005BA44 /* StockItems.plist */; };
		9A94E3F61AD63F160005BA44 /* MasterItem.swift in Sources */ = {isa = PBXBuildFile; fileRef = 9A94E3F51AD63F160005BA44 /* MasterItem.swift */; };
		9A9F599C1AD4B25C00A8CB4B /* StoryboardIdentifiers.swift in Sources */ = {isa = PBXBuildFile; fileRef = 9A9F599B1AD4B25C00A8CB4B /* StoryboardIdentifiers.swift */; };
		9A9F59A41AD4B7EF00A8CB4B /* TableViewController.swift in Sources */ = {isa = PBXBuildFile; fileRef = 9A9F59A31AD4B7EF00A8CB4B /* TableViewController.swift */; };
		9A9F59A61AD4BD0800A8CB4B /* Localizable.strings in Resources */ = {isa = PBXBuildFile; fileRef = 9A9F59A51AD4BD0800A8CB4B /* Localizable.strings */; };
		9A9F59AD1AD4C86F00A8CB4B /* UIColor+Revert.swift in Sources */ = {isa = PBXBuildFile; fileRef = 9A9F59AC1AD4C86F00A8CB4B /* UIColor+Revert.swift */; };
		9A9F59B41AD4D55000A8CB4B /* MapViewController.swift in Sources */ = {isa = PBXBuildFile; fileRef = 9A9F59B31AD4D55000A8CB4B /* MapViewController.swift */; };
		9A9F59B61AD4D75900A8CB4B /* MapLocations.plist in Resources */ = {isa = PBXBuildFile; fileRef = 9A9F59B51AD4D75900A8CB4B /* MapLocations.plist */; };
		9AA33F691AE62CF0005F69C2 /* AutoLayoutMarginsViewController.swift in Sources */ = {isa = PBXBuildFile; fileRef = 9AA33F681AE62CF0005F69C2 /* AutoLayoutMarginsViewController.swift */; };
		9AAB0D0B1AEDB6FD00F74ABB /* GLKViewController.swift in Sources */ = {isa = PBXBuildFile; fileRef = 9AAB0D0A1AEDB6FD00F74ABB /* GLKViewController.swift */; };
		9AAB0D0F1AEDCBC700F74ABB /* Static.swift in Sources */ = {isa = PBXBuildFile; fileRef = 9AAB0D0E1AEDCBC700F74ABB /* Static.swift */; };
		9ABEBA111AD4AC1400E3D998 /* AppDelegate.swift in Sources */ = {isa = PBXBuildFile; fileRef = 9ABEBA101AD4AC1400E3D998 /* AppDelegate.swift */; };
		9ABEBA131AD4ACA800E3D998 /* MasterViewController.swift in Sources */ = {isa = PBXBuildFile; fileRef = 9ABEBA121AD4ACA800E3D998 /* MasterViewController.swift */; };
		9ABEBA151AD4ADF100E3D998 /* CollectionViewController.swift in Sources */ = {isa = PBXBuildFile; fileRef = 9ABEBA141AD4ADF100E3D998 /* CollectionViewController.swift */; };
		9ADAA3C71ADC8D3B008CC87B /* CollectableCollectionViewDataSource.swift in Sources */ = {isa = PBXBuildFile; fileRef = 9ADAA3C61ADC8D3B008CC87B /* CollectableCollectionViewDataSource.swift */; };
		9AE300201AEF06A000E81377 /* LayerPropertiesCells.swift in Sources */ = {isa = PBXBuildFile; fileRef = 9AE3001F1AEF06A000E81377 /* LayerPropertiesCells.swift */; };
		9AE300221AEF09AA00E81377 /* LayerViews.swift in Sources */ = {isa = PBXBuildFile; fileRef = 9AE300211AEF09AA00E81377 /* LayerViews.swift */; };
		9AE300241AEF0F0500E81377 /* LayerPropertiesItems.plist in Resources */ = {isa = PBXBuildFile; fileRef = 9AE300231AEF0F0500E81377 /* LayerPropertiesItems.plist */; };
		9AE718E91AD7515500DD7FFC /* MasterCellConfigurator.swift in Sources */ = {isa = PBXBuildFile; fileRef = 9AE718E81AD7515500DD7FFC /* MasterCellConfigurator.swift */; };
		9AE87D431AE737D900213E7D /* TransformViewsViewController.swift in Sources */ = {isa = PBXBuildFile; fileRef = 9AE87D421AE737D900213E7D /* TransformViewsViewController.swift */; };
		9AE87D451AE7401900213E7D /* TransformLayersViewController.swift in Sources */ = {isa = PBXBuildFile; fileRef = 9AE87D441AE7401900213E7D /* TransformLayersViewController.swift */; };
		9AEE22AB1ADB77BE0033DAA2 /* Item.swift in Sources */ = {isa = PBXBuildFile; fileRef = 9AEE22AA1ADB77BE0033DAA2 /* Item.swift */; };
		9AEE22B01ADBA6960033DAA2 /* CollectionViewCells.swift in Sources */ = {isa = PBXBuildFile; fileRef = 9AEE22AF1ADBA6960033DAA2 /* CollectionViewCells.swift */; };
		9AEE22B21ADBADB10033DAA2 /* BarsViewController.swift in Sources */ = {isa = PBXBuildFile; fileRef = 9AEE22B11ADBADB10033DAA2 /* BarsViewController.swift */; };
		9AEE955C1AD4E2680003E636 /* SpriteKitViewController.swift in Sources */ = {isa = PBXBuildFile; fileRef = 9AEE955B1AD4E2680003E636 /* SpriteKitViewController.swift */; };
		9AF1B3191AE5EBE400BB626B /* MasterCell.xib in Resources */ = {isa = PBXBuildFile; fileRef = 9AF1B3171AE5EBE400BB626B /* MasterCell.xib */; };
		9AF1B3201AE609F200BB626B /* UIView+Revert.swift in Sources */ = {isa = PBXBuildFile; fileRef = 9AF1B31F1AE609F200BB626B /* UIView+Revert.swift */; };
		9AFE6EBC1AE7672B00BB64F4 /* SuperDeepViewController.swift in Sources */ = {isa = PBXBuildFile; fileRef = 9AFE6EBB1AE7672B00BB64F4 /* SuperDeepViewController.swift */; };
/* End PBXBuildFile section */

/* Begin PBXFileReference section */
		9A07D8DE1AE4B83F0099C4CB /* AdaptiveCollectionViewFlowLayout.swift */ = {isa = PBXFileReference; fileEncoding = 4; lastKnownFileType = sourcecode.swift; name = AdaptiveCollectionViewFlowLayout.swift; path = Revert/Sources/AdaptiveCollectionViewFlowLayout.swift; sourceTree = "<group>"; };
		9A1B1ABB1ADCE3A10016B793 /* PickerViewController.swift */ = {isa = PBXFileReference; fileEncoding = 4; lastKnownFileType = sourcecode.swift; name = PickerViewController.swift; path = Revert/Sources/PickerViewController.swift; sourceTree = "<group>"; };
		9A1B1ABD1ADCE9D90016B793 /* WebViewController.swift */ = {isa = PBXFileReference; fileEncoding = 4; lastKnownFileType = sourcecode.swift; name = WebViewController.swift; path = Revert/Sources/WebViewController.swift; sourceTree = "<group>"; };
		9A1B1ABF1ADCEFE70016B793 /* WebKit.framework */ = {isa = PBXFileReference; lastKnownFileType = wrapper.framework; name = WebKit.framework; path = System/Library/Frameworks/WebKit.framework; sourceTree = SDKROOT; };
		9A2873951AD767B0006466BE /* CountriesCapitals.plist */ = {isa = PBXFileReference; fileEncoding = 4; lastKnownFileType = text.plist.xml; path = CountriesCapitals.plist; sourceTree = "<group>"; };
		9A2873991AD76863006466BE /* Country.swift */ = {isa = PBXFileReference; fileEncoding = 4; lastKnownFileType = sourcecode.swift; name = Country.swift; path = Revert/Sources/Country.swift; sourceTree = "<group>"; };
		9A28739B1AD76A88006466BE /* CountryCellConfigurator.swift */ = {isa = PBXFileReference; fileEncoding = 4; lastKnownFileType = sourcecode.swift; name = CountryCellConfigurator.swift; path = Revert/Sources/CountryCellConfigurator.swift; sourceTree = "<group>"; };
		9A28739E1AD76EA2006466BE /* GrouppedCollection.swift */ = {isa = PBXFileReference; fileEncoding = 4; lastKnownFileType = sourcecode.swift; name = GrouppedCollection.swift; path = Revert/Sources/GrouppedCollection.swift; sourceTree = "<group>"; };
		9A2873A61AD7A5D8006466BE /* ScrollViewController.swift */ = {isa = PBXFileReference; fileEncoding = 4; lastKnownFileType = sourcecode.swift; name = ScrollViewController.swift; path = Revert/Sources/ScrollViewController.swift; sourceTree = "<group>"; };
		9A2873A81AD7AA1D006466BE /* AlertViewController.swift */ = {isa = PBXFileReference; fileEncoding = 4; lastKnownFileType = sourcecode.swift; name = AlertViewController.swift; path = Revert/Sources/AlertViewController.swift; sourceTree = "<group>"; };
		9A2C23FA1AEDF6A3007B17CE /* ModalViewController.swift */ = {isa = PBXFileReference; fileEncoding = 4; lastKnownFileType = sourcecode.swift; name = ModalViewController.swift; path = Revert/Sources/ModalViewController.swift; sourceTree = "<group>"; };
		9A2C24011AEE01EF007B17CE /* NotSerializableViewController.swift */ = {isa = PBXFileReference; fileEncoding = 4; lastKnownFileType = sourcecode.swift; name = NotSerializableViewController.swift; path = Revert/Sources/NotSerializableViewController.swift; sourceTree = "<group>"; };
		9A2C24031AEE110C007B17CE /* StressTestViewController.swift */ = {isa = PBXFileReference; fileEncoding = 4; lastKnownFileType = sourcecode.swift; name = StressTestViewController.swift; path = Revert/Sources/StressTestViewController.swift; sourceTree = "<group>"; };
		9A34799A1AEDD217002103C0 /* AirlineConstraint.swift */ = {isa = PBXFileReference; fileEncoding = 4; lastKnownFileType = sourcecode.swift; name = AirlineConstraint.swift; path = Revert/Sources/AirlineConstraint.swift; sourceTree = "<group>"; };
		9A463AF31ADCCE1A00350E3C /* ViewItems.plist */ = {isa = PBXFileReference; fileEncoding = 4; lastKnownFileType = text.plist.xml; path = ViewItems.plist; sourceTree = "<group>"; };
		9A48E1961AE9F91800CDFEAD /* AutoResizingMaskViewController.swift */ = {isa = PBXFileReference; fileEncoding = 4; lastKnownFileType = sourcecode.swift; name = AutoResizingMaskViewController.swift; path = Revert/Sources/AutoResizingMaskViewController.swift; sourceTree = "<group>"; };
		9A48E1981AEA1F7D00CDFEAD /* AirlineBorderView.swift */ = {isa = PBXFileReference; fileEncoding = 4; lastKnownFileType = sourcecode.swift; name = AirlineBorderView.swift; path = Revert/Sources/AirlineBorderView.swift; sourceTree = "<group>"; };
		9A4F0AC11AEDDA30004D9682 /* AlignmentInsetView.swift */ = {isa = PBXFileReference; fileEncoding = 4; lastKnownFileType = sourcecode.swift; name = AlignmentInsetView.swift; path = Revert/Sources/AlignmentInsetView.swift; sourceTree = "<group>"; };
		9A4F0AC81AEDDCF4004D9682 /* AnchorPointBoundsChangeViewController.swift */ = {isa = PBXFileReference; fileEncoding = 4; lastKnownFileType = sourcecode.swift; name = AnchorPointBoundsChangeViewController.swift; path = Revert/Sources/AnchorPointBoundsChangeViewController.swift; sourceTree = "<group>"; };
		9A535C481ADB563B0082778A /* ControlsViewController.swift */ = {isa = PBXFileReference; fileEncoding = 4; lastKnownFileType = sourcecode.swift; name = ControlsViewController.swift; path = Revert/Sources/ControlsViewController.swift; sourceTree = "<group>"; };
		9A535C4C1ADB56A00082778A /* ControlItems.plist */ = {isa = PBXFileReference; fileEncoding = 4; lastKnownFileType = text.plist.xml; path = ControlItems.plist; sourceTree = "<group>"; };
		9A6850B81AD4A20E00ACCE29 /* Revert.app */ = {isa = PBXFileReference; explicitFileType = wrapper.application; includeInIndex = 0; path = Revert.app; sourceTree = BUILT_PRODUCTS_DIR; };
		9A6850BC1AD4A20E00ACCE29 /* Info.plist */ = {isa = PBXFileReference; lastKnownFileType = text.plist.xml; path = Info.plist; sourceTree = "<group>"; };
		9A6850C41AD4A20E00ACCE29 /* Base */ = {isa = PBXFileReference; lastKnownFileType = file.storyboard; name = Base; path = Base.lproj/Main.storyboard; sourceTree = "<group>"; };
		9A6850C61AD4A20E00ACCE29 /* Images.xcassets */ = {isa = PBXFileReference; lastKnownFileType = folder.assetcatalog; path = Images.xcassets; sourceTree = "<group>"; };
		9A6850C91AD4A20E00ACCE29 /* Base */ = {isa = PBXFileReference; lastKnownFileType = file.xib; name = Base; path = Base.lproj/LaunchScreen.xib; sourceTree = "<group>"; };
		9A87FA751ADC91B800290F7A /* KeyboardHandler.swift */ = {isa = PBXFileReference; fileEncoding = 4; lastKnownFileType = sourcecode.swift; name = KeyboardHandler.swift; path = Revert/Sources/KeyboardHandler.swift; sourceTree = "<group>"; };
		9A87FA771ADC953C00290F7A /* CollectableTableViewDataSource.swift */ = {isa = PBXFileReference; fileEncoding = 4; lastKnownFileType = sourcecode.swift; name = CollectableTableViewDataSource.swift; path = Revert/Sources/CollectableTableViewDataSource.swift; sourceTree = "<group>"; };
		9A87FA791ADC975C00290F7A /* MapAnnotationView.swift */ = {isa = PBXFileReference; fileEncoding = 4; lastKnownFileType = sourcecode.swift; name = MapAnnotationView.swift; path = Revert/Sources/MapAnnotationView.swift; sourceTree = "<group>"; };
		9A87FA7B1ADCA16500290F7A /* CountryDataSource.swift */ = {isa = PBXFileReference; fileEncoding = 4; lastKnownFileType = sourcecode.swift; name = CountryDataSource.swift; path = Revert/Sources/CountryDataSource.swift; sourceTree = "<group>"; };
		9A94E3F01AD63BFD0005BA44 /* Cells.swift */ = {isa = PBXFileReference; fileEncoding = 4; lastKnownFileType = sourcecode.swift; name = Cells.swift; path = Revert/Sources/Cells.swift; sourceTree = "<group>"; };
		9A94E3F21AD63E610005BA44 /* StockItems.plist */ = {isa = PBXFileReference; fileEncoding = 4; lastKnownFileType = text.plist.xml; path = StockItems.plist; sourceTree = "<group>"; };
		9A94E3F51AD63F160005BA44 /* MasterItem.swift */ = {isa = PBXFileReference; fileEncoding = 4; lastKnownFileType = sourcecode.swift; name = MasterItem.swift; path = Revert/Sources/MasterItem.swift; sourceTree = "<group>"; };
		9A9F599B1AD4B25C00A8CB4B /* StoryboardIdentifiers.swift */ = {isa = PBXFileReference; fileEncoding = 4; lastKnownFileType = sourcecode.swift; name = StoryboardIdentifiers.swift; path = Revert/Sources/StoryboardIdentifiers.swift; sourceTree = "<group>"; };
		9A9F59A31AD4B7EF00A8CB4B /* TableViewController.swift */ = {isa = PBXFileReference; fileEncoding = 4; lastKnownFileType = sourcecode.swift; name = TableViewController.swift; path = Revert/Sources/TableViewController.swift; sourceTree = "<group>"; };
		9A9F59A51AD4BD0800A8CB4B /* Localizable.strings */ = {isa = PBXFileReference; fileEncoding = 4; lastKnownFileType = text.plist.strings; path = Localizable.strings; sourceTree = "<group>"; };
		9A9F59AC1AD4C86F00A8CB4B /* UIColor+Revert.swift */ = {isa = PBXFileReference; fileEncoding = 4; lastKnownFileType = sourcecode.swift; name = "UIColor+Revert.swift"; path = "Revert/Sources/UIColor+Revert.swift"; sourceTree = "<group>"; };
		9A9F59B31AD4D55000A8CB4B /* MapViewController.swift */ = {isa = PBXFileReference; fileEncoding = 4; lastKnownFileType = sourcecode.swift; name = MapViewController.swift; path = Revert/Sources/MapViewController.swift; sourceTree = "<group>"; };
		9A9F59B51AD4D75900A8CB4B /* MapLocations.plist */ = {isa = PBXFileReference; fileEncoding = 4; lastKnownFileType = text.plist.xml; path = MapLocations.plist; sourceTree = "<group>"; };
		9AA33F681AE62CF0005F69C2 /* AutoLayoutMarginsViewController.swift */ = {isa = PBXFileReference; fileEncoding = 4; lastKnownFileType = sourcecode.swift; name = AutoLayoutMarginsViewController.swift; path = Revert/Sources/AutoLayoutMarginsViewController.swift; sourceTree = "<group>"; };
		9AAB0D0A1AEDB6FD00F74ABB /* GLKViewController.swift */ = {isa = PBXFileReference; fileEncoding = 4; lastKnownFileType = sourcecode.swift; name = GLKViewController.swift; path = Revert/Sources/GLKViewController.swift; sourceTree = "<group>"; };
		9AAB0D0E1AEDCBC700F74ABB /* Static.swift */ = {isa = PBXFileReference; fileEncoding = 4; lastKnownFileType = sourcecode.swift; name = Static.swift; path = Revert/Sources/Static.swift; sourceTree = "<group>"; };
		9ABEBA101AD4AC1400E3D998 /* AppDelegate.swift */ = {isa = PBXFileReference; fileEncoding = 4; lastKnownFileType = sourcecode.swift; name = AppDelegate.swift; path = Revert/Sources/AppDelegate.swift; sourceTree = "<group>"; };
		9ABEBA121AD4ACA800E3D998 /* MasterViewController.swift */ = {isa = PBXFileReference; fileEncoding = 4; lastKnownFileType = sourcecode.swift; name = MasterViewController.swift; path = Revert/Sources/MasterViewController.swift; sourceTree = "<group>"; };
		9ABEBA141AD4ADF100E3D998 /* CollectionViewController.swift */ = {isa = PBXFileReference; fileEncoding = 4; lastKnownFileType = sourcecode.swift; name = CollectionViewController.swift; path = Revert/Sources/CollectionViewController.swift; sourceTree = "<group>"; };
		9ADAA3C61ADC8D3B008CC87B /* CollectableCollectionViewDataSource.swift */ = {isa = PBXFileReference; fileEncoding = 4; lastKnownFileType = sourcecode.swift; name = CollectableCollectionViewDataSource.swift; path = Revert/Sources/CollectableCollectionViewDataSource.swift; sourceTree = "<group>"; };
		9AE3001F1AEF06A000E81377 /* LayerPropertiesCells.swift */ = {isa = PBXFileReference; fileEncoding = 4; lastKnownFileType = sourcecode.swift; name = LayerPropertiesCells.swift; path = Revert/Sources/LayerPropertiesCells.swift; sourceTree = "<group>"; };
		9AE300211AEF09AA00E81377 /* LayerViews.swift */ = {isa = PBXFileReference; fileEncoding = 4; lastKnownFileType = sourcecode.swift; name = LayerViews.swift; path = Revert/Sources/LayerViews.swift; sourceTree = "<group>"; };
		9AE300231AEF0F0500E81377 /* LayerPropertiesItems.plist */ = {isa = PBXFileReference; fileEncoding = 4; lastKnownFileType = text.plist.xml; path = LayerPropertiesItems.plist; sourceTree = "<group>"; };
		9AE718E81AD7515500DD7FFC /* MasterCellConfigurator.swift */ = {isa = PBXFileReference; fileEncoding = 4; lastKnownFileType = sourcecode.swift; name = MasterCellConfigurator.swift; path = Revert/Sources/MasterCellConfigurator.swift; sourceTree = "<group>"; };
		9AE87D421AE737D900213E7D /* TransformViewsViewController.swift */ = {isa = PBXFileReference; fileEncoding = 4; lastKnownFileType = sourcecode.swift; name = TransformViewsViewController.swift; path = Revert/Sources/TransformViewsViewController.swift; sourceTree = "<group>"; };
		9AE87D441AE7401900213E7D /* TransformLayersViewController.swift */ = {isa = PBXFileReference; fileEncoding = 4; lastKnownFileType = sourcecode.swift; name = TransformLayersViewController.swift; path = Revert/Sources/TransformLayersViewController.swift; sourceTree = "<group>"; };
		9AEE22AA1ADB77BE0033DAA2 /* Item.swift */ = {isa = PBXFileReference; fileEncoding = 4; lastKnownFileType = sourcecode.swift; name = Item.swift; path = Revert/Sources/Item.swift; sourceTree = "<group>"; };
		9AEE22AF1ADBA6960033DAA2 /* CollectionViewCells.swift */ = {isa = PBXFileReference; fileEncoding = 4; lastKnownFileType = sourcecode.swift; name = CollectionViewCells.swift; path = Revert/Sources/CollectionViewCells.swift; sourceTree = "<group>"; };
		9AEE22B11ADBADB10033DAA2 /* BarsViewController.swift */ = {isa = PBXFileReference; fileEncoding = 4; lastKnownFileType = sourcecode.swift; name = BarsViewController.swift; path = Revert/Sources/BarsViewController.swift; sourceTree = "<group>"; };
		9AEE955B1AD4E2680003E636 /* SpriteKitViewController.swift */ = {isa = PBXFileReference; fileEncoding = 4; lastKnownFileType = sourcecode.swift; name = SpriteKitViewController.swift; path = Revert/Sources/SpriteKitViewController.swift; sourceTree = "<group>"; };
		9AF1B3181AE5EBE400BB626B /* Base */ = {isa = PBXFileReference; lastKnownFileType = file.xib; name = Base; path = Base.lproj/MasterCell.xib; sourceTree = "<group>"; };
		9AF1B31F1AE609F200BB626B /* UIView+Revert.swift */ = {isa = PBXFileReference; fileEncoding = 4; lastKnownFileType = sourcecode.swift; name = "UIView+Revert.swift"; path = "Revert/Sources/UIView+Revert.swift"; sourceTree = "<group>"; };
		9AFE6EBB1AE7672B00BB64F4 /* SuperDeepViewController.swift */ = {isa = PBXFileReference; fileEncoding = 4; lastKnownFileType = sourcecode.swift; name = SuperDeepViewController.swift; path = Revert/Sources/SuperDeepViewController.swift; sourceTree = "<group>"; };
/* End PBXFileReference section */

/* Begin PBXFrameworksBuildPhase section */
		9A6850B51AD4A20E00ACCE29 /* Frameworks */ = {
			isa = PBXFrameworksBuildPhase;
			buildActionMask = 2147483647;
			files = (
				9A1B1AC01ADCEFE70016B793 /* WebKit.framework in Frameworks */,
			);
			runOnlyForDeploymentPostprocessing = 0;
		};
/* End PBXFrameworksBuildPhase section */

/* Begin PBXGroup section */
		9A07D8DD1AE4B8260099C4CB /* Layouts */ = {
			isa = PBXGroup;
			children = (
				9A07D8DE1AE4B83F0099C4CB /* AdaptiveCollectionViewFlowLayout.swift */,
			);
			name = Layouts;
			sourceTree = "<group>";
		};
		9A1B1AC11ADCF2BA0016B793 /* Frameworks */ = {
			isa = PBXGroup;
			children = (
				9A1B1ABF1ADCEFE70016B793 /* WebKit.framework */,
			);
			name = Frameworks;
			sourceTree = "<group>";
		};
		9A28739D1AD76E8E006466BE /* Adapters */ = {
			isa = PBXGroup;
			children = (
				9A28739E1AD76EA2006466BE /* GrouppedCollection.swift */,
			);
			name = Adapters;
			sourceTree = "<group>";
		};
		9A6850AF1AD4A20E00ACCE29 = {
			isa = PBXGroup;
			children = (
				9A1B1AC11ADCF2BA0016B793 /* Frameworks */,
				9ABEBA0E1AD4ABDB00E3D998 /* Sources */,
				9A6850BA1AD4A20E00ACCE29 /* Resources */,
				9A6850B91AD4A20E00ACCE29 /* Products */,
			);
			sourceTree = "<group>";
		};
		9A6850B91AD4A20E00ACCE29 /* Products */ = {
			isa = PBXGroup;
			children = (
				9A6850B81AD4A20E00ACCE29 /* Revert.app */,
			);
			name = Products;
			sourceTree = "<group>";
		};
		9A6850BA1AD4A20E00ACCE29 /* Resources */ = {
			isa = PBXGroup;
			children = (
				9A6850C31AD4A20E00ACCE29 /* Main.storyboard */,
				9A6850C81AD4A20E00ACCE29 /* LaunchScreen.xib */,
				9AF1B3171AE5EBE400BB626B /* MasterCell.xib */,
				9A6850C61AD4A20E00ACCE29 /* Images.xcassets */,
				9A6850BB1AD4A20E00ACCE29 /* Supporting Files */,
			);
			name = Resources;
			path = Revert;
			sourceTree = "<group>";
		};
		9A6850BB1AD4A20E00ACCE29 /* Supporting Files */ = {
			isa = PBXGroup;
			children = (
				9A9F59A51AD4BD0800A8CB4B /* Localizable.strings */,
				9A9F59B51AD4D75900A8CB4B /* MapLocations.plist */,
				9A94E3F21AD63E610005BA44 /* StockItems.plist */,
				9A2873951AD767B0006466BE /* CountriesCapitals.plist */,
				9A535C4C1ADB56A00082778A /* ControlItems.plist */,
				9A463AF31ADCCE1A00350E3C /* ViewItems.plist */,
				9A6850BC1AD4A20E00ACCE29 /* Info.plist */,
				9AE300231AEF0F0500E81377 /* LayerPropertiesItems.plist */,
			);
			name = "Supporting Files";
			sourceTree = "<group>";
		};
		9A94E3F41AD63F040005BA44 /* Models */ = {
			isa = PBXGroup;
			children = (
				9A94E3F51AD63F160005BA44 /* MasterItem.swift */,
				9A2873991AD76863006466BE /* Country.swift */,
				9AEE22AA1ADB77BE0033DAA2 /* Item.swift */,
			);
			name = Models;
			sourceTree = "<group>";
		};
		9A9F599D1AD4B33C00A8CB4B /* Views */ = {
			isa = PBXGroup;
			children = (
				9A94E3F01AD63BFD0005BA44 /* Cells.swift */,
				9AEE22AF1ADBA6960033DAA2 /* CollectionViewCells.swift */,
				9A87FA791ADC975C00290F7A /* MapAnnotationView.swift */,
				9A48E1981AEA1F7D00CDFEAD /* AirlineBorderView.swift */,
				9A4F0AC11AEDDA30004D9682 /* AlignmentInsetView.swift */,
				9AE3001F1AEF06A000E81377 /* LayerPropertiesCells.swift */,
				9AE300211AEF09AA00E81377 /* LayerViews.swift */,
			);
			name = Views;
			sourceTree = "<group>";
		};
		9A9F59A91AD4C17400A8CB4B /* Extensions */ = {
			isa = PBXGroup;
			children = (
				9A9F59AC1AD4C86F00A8CB4B /* UIColor+Revert.swift */,
				9AF1B31F1AE609F200BB626B /* UIView+Revert.swift */,
			);
			name = Extensions;
			sourceTree = "<group>";
		};
		9ABEBA0E1AD4ABDB00E3D998 /* Sources */ = {
			isa = PBXGroup;
			children = (
				9A07D8DD1AE4B8260099C4CB /* Layouts */,
				9ADAA3C51ADC8D1F008CC87B /* DataSources */,
				9A28739D1AD76E8E006466BE /* Adapters */,
				9AE718E71AD7513D00DD7FFC /* CellConfigurators */,
				9A94E3F41AD63F040005BA44 /* Models */,
				9A9F59A91AD4C17400A8CB4B /* Extensions */,
				9ABEBA0F1AD4ABE600E3D998 /* ViewControllers */,
				9A9F599D1AD4B33C00A8CB4B /* Views */,
				9ABEBA161AD4AEC900E3D998 /* Misc */,
				9ABEBA101AD4AC1400E3D998 /* AppDelegate.swift */,
				9A87FA751ADC91B800290F7A /* KeyboardHandler.swift */,
			);
			name = Sources;
			sourceTree = "<group>";
		};
		9ABEBA0F1AD4ABE600E3D998 /* ViewControllers */ = {
			isa = PBXGroup;
			children = (
				9ABEBA121AD4ACA800E3D998 /* MasterViewController.swift */,
				9A9F59A31AD4B7EF00A8CB4B /* TableViewController.swift */,
				9ABEBA141AD4ADF100E3D998 /* CollectionViewController.swift */,
				9A9F59B31AD4D55000A8CB4B /* MapViewController.swift */,
				9AEE955B1AD4E2680003E636 /* SpriteKitViewController.swift */,
				9A2873A61AD7A5D8006466BE /* ScrollViewController.swift */,
				9A2873A81AD7AA1D006466BE /* AlertViewController.swift */,
				9A535C481ADB563B0082778A /* ControlsViewController.swift */,
				9AEE22B11ADBADB10033DAA2 /* BarsViewController.swift */,
				9A1B1ABB1ADCE3A10016B793 /* PickerViewController.swift */,
				9A1B1ABD1ADCE9D90016B793 /* WebViewController.swift */,
				9AA33F681AE62CF0005F69C2 /* AutoLayoutMarginsViewController.swift */,
				9AE87D421AE737D900213E7D /* TransformViewsViewController.swift */,
				9AFE6EBB1AE7672B00BB64F4 /* SuperDeepViewController.swift */,
				9AE87D441AE7401900213E7D /* TransformLayersViewController.swift */,
				9A48E1961AE9F91800CDFEAD /* AutoResizingMaskViewController.swift */,
				9AAB0D0A1AEDB6FD00F74ABB /* GLKViewController.swift */,
				9A4F0AC81AEDDCF4004D9682 /* AnchorPointBoundsChangeViewController.swift */,
				9A2C23FA1AEDF6A3007B17CE /* ModalViewController.swift */,
				9A2C24011AEE01EF007B17CE /* NotSerializableViewController.swift */,
				9A2C24031AEE110C007B17CE /* StressTestViewController.swift */,
			);
			name = ViewControllers;
			sourceTree = "<group>";
		};
		9ABEBA161AD4AEC900E3D998 /* Misc */ = {
			isa = PBXGroup;
			children = (
				9A34799A1AEDD217002103C0 /* AirlineConstraint.swift */,
				9A9F599B1AD4B25C00A8CB4B /* StoryboardIdentifiers.swift */,
				9AAB0D0E1AEDCBC700F74ABB /* Static.swift */,
			);
			name = Misc;
			sourceTree = "<group>";
		};
		9ADAA3C51ADC8D1F008CC87B /* DataSources */ = {
			isa = PBXGroup;
			children = (
				9ADAA3C61ADC8D3B008CC87B /* CollectableCollectionViewDataSource.swift */,
				9A87FA771ADC953C00290F7A /* CollectableTableViewDataSource.swift */,
				9A87FA7B1ADCA16500290F7A /* CountryDataSource.swift */,
			);
			name = DataSources;
			sourceTree = "<group>";
		};
		9AE718E71AD7513D00DD7FFC /* CellConfigurators */ = {
			isa = PBXGroup;
			children = (
				9AE718E81AD7515500DD7FFC /* MasterCellConfigurator.swift */,
				9A28739B1AD76A88006466BE /* CountryCellConfigurator.swift */,
			);
			name = CellConfigurators;
			sourceTree = "<group>";
		};
/* End PBXGroup section */

/* Begin PBXNativeTarget section */
		9A6850B71AD4A20E00ACCE29 /* Revert */ = {
			isa = PBXNativeTarget;
			buildConfigurationList = 9A6850D91AD4A20E00ACCE29 /* Build configuration list for PBXNativeTarget "Revert" */;
			buildPhases = (
				9A6850B41AD4A20E00ACCE29 /* Sources */,
				9A6850B51AD4A20E00ACCE29 /* Frameworks */,
				9A6850B61AD4A20E00ACCE29 /* Resources */,
			);
			buildRules = (
			);
			dependencies = (
			);
			name = Revert;
			productName = Revert;
			productReference = 9A6850B81AD4A20E00ACCE29 /* Revert.app */;
			productType = "com.apple.product-type.application";
		};
/* End PBXNativeTarget section */

/* Begin PBXProject section */
		9A6850B01AD4A20E00ACCE29 /* Project object */ = {
			isa = PBXProject;
			attributes = {
				LastUpgradeCheck = 0620;
				ORGANIZATIONNAME = "Itty Bitty Apps";
				TargetAttributes = {
					9A6850B71AD4A20E00ACCE29 = {
						CreatedOnToolsVersion = 6.2;
					};
				};
			};
			buildConfigurationList = 9A6850B31AD4A20E00ACCE29 /* Build configuration list for PBXProject "Revert" */;
			compatibilityVersion = "Xcode 3.2";
			developmentRegion = English;
			hasScannedForEncodings = 0;
			knownRegions = (
				en,
				Base,
			);
			mainGroup = 9A6850AF1AD4A20E00ACCE29;
			productRefGroup = 9A6850B91AD4A20E00ACCE29 /* Products */;
			projectDirPath = "";
			projectRoot = "";
			targets = (
				9A6850B71AD4A20E00ACCE29 /* Revert */,
			);
		};
/* End PBXProject section */

/* Begin PBXResourcesBuildPhase section */
		9A6850B61AD4A20E00ACCE29 /* Resources */ = {
			isa = PBXResourcesBuildPhase;
			buildActionMask = 2147483647;
			files = (
				9A6850C51AD4A20E00ACCE29 /* Main.storyboard in Resources */,
				9A9F59A61AD4BD0800A8CB4B /* Localizable.strings in Resources */,
				9A6850CA1AD4A20E00ACCE29 /* LaunchScreen.xib in Resources */,
				9A94E3F31AD63E610005BA44 /* StockItems.plist in Resources */,
				9AE300241AEF0F0500E81377 /* LayerPropertiesItems.plist in Resources */,
				9A463AF41ADCCE1A00350E3C /* ViewItems.plist in Resources */,
				9A6850C71AD4A20E00ACCE29 /* Images.xcassets in Resources */,
				9AF1B3191AE5EBE400BB626B /* MasterCell.xib in Resources */,
				9A9F59B61AD4D75900A8CB4B /* MapLocations.plist in Resources */,
				9A2873961AD767B0006466BE /* CountriesCapitals.plist in Resources */,
				9A535C4D1ADB56A00082778A /* ControlItems.plist in Resources */,
			);
			runOnlyForDeploymentPostprocessing = 0;
		};
/* End PBXResourcesBuildPhase section */

/* Begin PBXSourcesBuildPhase section */
		9A6850B41AD4A20E00ACCE29 /* Sources */ = {
			isa = PBXSourcesBuildPhase;
			buildActionMask = 2147483647;
			files = (
				9ADAA3C71ADC8D3B008CC87B /* CollectableCollectionViewDataSource.swift in Sources */,
				9ABEBA151AD4ADF100E3D998 /* CollectionViewController.swift in Sources */,
				9A28739F1AD76EA2006466BE /* GrouppedCollection.swift in Sources */,
				9A2C24021AEE01EF007B17CE /* NotSerializableViewController.swift in Sources */,
				9AAB0D0B1AEDB6FD00F74ABB /* GLKViewController.swift in Sources */,
				9A1B1ABC1ADCE3A10016B793 /* PickerViewController.swift in Sources */,
				9AE300221AEF09AA00E81377 /* LayerViews.swift in Sources */,
				9AAB0D0F1AEDCBC700F74ABB /* Static.swift in Sources */,
				9A07D8DF1AE4B83F0099C4CB /* AdaptiveCollectionViewFlowLayout.swift in Sources */,
				9A87FA761ADC91B800290F7A /* KeyboardHandler.swift in Sources */,
				9AE87D431AE737D900213E7D /* TransformViewsViewController.swift in Sources */,
				9A535C491ADB563B0082778A /* ControlsViewController.swift in Sources */,
				9AE87D451AE7401900213E7D /* TransformLayersViewController.swift in Sources */,
				9A28739C1AD76A88006466BE /* CountryCellConfigurator.swift in Sources */,
				9A9F599C1AD4B25C00A8CB4B /* StoryboardIdentifiers.swift in Sources */,
				9AA33F691AE62CF0005F69C2 /* AutoLayoutMarginsViewController.swift in Sources */,
				9A48E1971AE9F91800CDFEAD /* AutoResizingMaskViewController.swift in Sources */,
				9A48E1991AEA1F7D00CDFEAD /* AirlineBorderView.swift in Sources */,
				9A4F0AC21AEDDA30004D9682 /* AlignmentInsetView.swift in Sources */,
				9AEE22B01ADBA6960033DAA2 /* CollectionViewCells.swift in Sources */,
				9A94E3F61AD63F160005BA44 /* MasterItem.swift in Sources */,
				9A4F0AC91AEDDCF4004D9682 /* AnchorPointBoundsChangeViewController.swift in Sources */,
				9ABEBA131AD4ACA800E3D998 /* MasterViewController.swift in Sources */,
				9A1B1ABE1ADCE9D90016B793 /* WebViewController.swift in Sources */,
				9AEE22B21ADBADB10033DAA2 /* BarsViewController.swift in Sources */,
				9A28739A1AD76863006466BE /* Country.swift in Sources */,
				9A2C24041AEE110C007B17CE /* StressTestViewController.swift in Sources */,
				9A34799B1AEDD217002103C0 /* AirlineConstraint.swift in Sources */,
				9A9F59B41AD4D55000A8CB4B /* MapViewController.swift in Sources */,
				9AFE6EBC1AE7672B00BB64F4 /* SuperDeepViewController.swift in Sources */,
				9A2C23FB1AEDF6A3007B17CE /* ModalViewController.swift in Sources */,
				9AE300201AEF06A000E81377 /* LayerPropertiesCells.swift in Sources */,
				9A87FA7C1ADCA16500290F7A /* CountryDataSource.swift in Sources */,
				9A2873A91AD7AA1D006466BE /* AlertViewController.swift in Sources */,
				9AE718E91AD7515500DD7FFC /* MasterCellConfigurator.swift in Sources */,
				9A9F59A41AD4B7EF00A8CB4B /* TableViewController.swift in Sources */,
				9ABEBA111AD4AC1400E3D998 /* AppDelegate.swift in Sources */,
				9AF1B3201AE609F200BB626B /* UIView+Revert.swift in Sources */,
				9AEE955C1AD4E2680003E636 /* SpriteKitViewController.swift in Sources */,
				9AEE22AB1ADB77BE0033DAA2 /* Item.swift in Sources */,
				9A87FA7A1ADC975C00290F7A /* MapAnnotationView.swift in Sources */,
				9A94E3F11AD63BFD0005BA44 /* Cells.swift in Sources */,
				9A9F59AD1AD4C86F00A8CB4B /* UIColor+Revert.swift in Sources */,
				9A2873A71AD7A5D8006466BE /* ScrollViewController.swift in Sources */,
				9A87FA781ADC953C00290F7A /* CollectableTableViewDataSource.swift in Sources */,
			);
			runOnlyForDeploymentPostprocessing = 0;
		};
/* End PBXSourcesBuildPhase section */

/* Begin PBXVariantGroup section */
		9A6850C31AD4A20E00ACCE29 /* Main.storyboard */ = {
			isa = PBXVariantGroup;
			children = (
				9A6850C41AD4A20E00ACCE29 /* Base */,
			);
			name = Main.storyboard;
			sourceTree = "<group>";
		};
		9A6850C81AD4A20E00ACCE29 /* LaunchScreen.xib */ = {
			isa = PBXVariantGroup;
			children = (
				9A6850C91AD4A20E00ACCE29 /* Base */,
			);
			name = LaunchScreen.xib;
			sourceTree = "<group>";
		};
		9AF1B3171AE5EBE400BB626B /* MasterCell.xib */ = {
			isa = PBXVariantGroup;
			children = (
				9AF1B3181AE5EBE400BB626B /* Base */,
			);
			name = MasterCell.xib;
			sourceTree = "<group>";
		};
/* End PBXVariantGroup section */

/* Begin XCBuildConfiguration section */
		9A6850D71AD4A20E00ACCE29 /* Debug */ = {
			isa = XCBuildConfiguration;
			buildSettings = {
				ALWAYS_SEARCH_USER_PATHS = NO;
				CLANG_CXX_LANGUAGE_STANDARD = "gnu++0x";
				CLANG_CXX_LIBRARY = "libc++";
				CLANG_ENABLE_MODULES = YES;
				CLANG_ENABLE_OBJC_ARC = YES;
				CLANG_WARN_BOOL_CONVERSION = YES;
				CLANG_WARN_CONSTANT_CONVERSION = YES;
				CLANG_WARN_DIRECT_OBJC_ISA_USAGE = YES_ERROR;
				CLANG_WARN_EMPTY_BODY = YES;
				CLANG_WARN_ENUM_CONVERSION = YES;
				CLANG_WARN_INT_CONVERSION = YES;
				CLANG_WARN_OBJC_ROOT_CLASS = YES_ERROR;
				CLANG_WARN_UNREACHABLE_CODE = YES;
				CLANG_WARN__DUPLICATE_METHOD_MATCH = YES;
				"CODE_SIGN_IDENTITY[sdk=iphoneos*]" = "iPhone Developer";
				COPY_PHASE_STRIP = NO;
				ENABLE_STRICT_OBJC_MSGSEND = YES;
				GCC_C_LANGUAGE_STANDARD = gnu99;
				GCC_DYNAMIC_NO_PIC = NO;
				GCC_OPTIMIZATION_LEVEL = 0;
				GCC_PREPROCESSOR_DEFINITIONS = (
					"DEBUG=1",
					"$(inherited)",
				);
				GCC_SYMBOLS_PRIVATE_EXTERN = NO;
				GCC_WARN_64_TO_32_BIT_CONVERSION = YES;
				GCC_WARN_ABOUT_RETURN_TYPE = YES_ERROR;
				GCC_WARN_UNDECLARED_SELECTOR = YES;
				GCC_WARN_UNINITIALIZED_AUTOS = YES_AGGRESSIVE;
				GCC_WARN_UNUSED_FUNCTION = YES;
				GCC_WARN_UNUSED_VARIABLE = YES;
				IPHONEOS_DEPLOYMENT_TARGET = 8.2;
				MTL_ENABLE_DEBUG_INFO = YES;
				ONLY_ACTIVE_ARCH = YES;
				SDKROOT = iphoneos;
				SWIFT_OPTIMIZATION_LEVEL = "-Onone";
				TARGETED_DEVICE_FAMILY = "1,2";
			};
			name = Debug;
		};
		9A6850D81AD4A20E00ACCE29 /* Release */ = {
			isa = XCBuildConfiguration;
			buildSettings = {
				ALWAYS_SEARCH_USER_PATHS = NO;
				CLANG_CXX_LANGUAGE_STANDARD = "gnu++0x";
				CLANG_CXX_LIBRARY = "libc++";
				CLANG_ENABLE_MODULES = YES;
				CLANG_ENABLE_OBJC_ARC = YES;
				CLANG_WARN_BOOL_CONVERSION = YES;
				CLANG_WARN_CONSTANT_CONVERSION = YES;
				CLANG_WARN_DIRECT_OBJC_ISA_USAGE = YES_ERROR;
				CLANG_WARN_EMPTY_BODY = YES;
				CLANG_WARN_ENUM_CONVERSION = YES;
				CLANG_WARN_INT_CONVERSION = YES;
				CLANG_WARN_OBJC_ROOT_CLASS = YES_ERROR;
				CLANG_WARN_UNREACHABLE_CODE = YES;
				CLANG_WARN__DUPLICATE_METHOD_MATCH = YES;
				"CODE_SIGN_IDENTITY[sdk=iphoneos*]" = "iPhone Developer";
				COPY_PHASE_STRIP = NO;
				ENABLE_NS_ASSERTIONS = NO;
				ENABLE_STRICT_OBJC_MSGSEND = YES;
				GCC_C_LANGUAGE_STANDARD = gnu99;
				GCC_WARN_64_TO_32_BIT_CONVERSION = YES;
				GCC_WARN_ABOUT_RETURN_TYPE = YES_ERROR;
				GCC_WARN_UNDECLARED_SELECTOR = YES;
				GCC_WARN_UNINITIALIZED_AUTOS = YES_AGGRESSIVE;
				GCC_WARN_UNUSED_FUNCTION = YES;
				GCC_WARN_UNUSED_VARIABLE = YES;
				IPHONEOS_DEPLOYMENT_TARGET = 8.2;
				MTL_ENABLE_DEBUG_INFO = NO;
				SDKROOT = iphoneos;
				TARGETED_DEVICE_FAMILY = "1,2";
				VALIDATE_PRODUCT = YES;
			};
			name = Release;
		};
		9A6850DA1AD4A20E00ACCE29 /* Debug */ = {
			isa = XCBuildConfiguration;
			buildSettings = {
				ASSETCATALOG_COMPILER_APPICON_NAME = AppIcon;
				ASSETCATALOG_COMPILER_LAUNCHIMAGE_NAME = LaunchImage;
				GCC_WARN_UNUSED_LABEL = YES;
				GCC_WARN_UNUSED_PARAMETER = YES;
				INFOPLIST_FILE = Revert/Info.plist;
				IPHONEOS_DEPLOYMENT_TARGET = 7.0;
				LD_RUNPATH_SEARCH_PATHS = "$(inherited) @executable_path/Frameworks";
				PRODUCT_NAME = "$(TARGET_NAME)";
			};
			name = Debug;
		};
		9A6850DB1AD4A20E00ACCE29 /* Release */ = {
			isa = XCBuildConfiguration;
			buildSettings = {
				ASSETCATALOG_COMPILER_APPICON_NAME = AppIcon;
				ASSETCATALOG_COMPILER_LAUNCHIMAGE_NAME = LaunchImage;
				GCC_WARN_UNUSED_LABEL = YES;
				GCC_WARN_UNUSED_PARAMETER = YES;
				INFOPLIST_FILE = Revert/Info.plist;
				IPHONEOS_DEPLOYMENT_TARGET = 7.0;
				LD_RUNPATH_SEARCH_PATHS = "$(inherited) @executable_path/Frameworks";
				PRODUCT_NAME = "$(TARGET_NAME)";
			};
			name = Release;
		};
/* End XCBuildConfiguration section */

/* Begin XCConfigurationList section */
		9A6850B31AD4A20E00ACCE29 /* Build configuration list for PBXProject "Revert" */ = {
			isa = XCConfigurationList;
			buildConfigurations = (
				9A6850D71AD4A20E00ACCE29 /* Debug */,
				9A6850D81AD4A20E00ACCE29 /* Release */,
			);
			defaultConfigurationIsVisible = 0;
			defaultConfigurationName = Release;
		};
		9A6850D91AD4A20E00ACCE29 /* Build configuration list for PBXNativeTarget "Revert" */ = {
			isa = XCConfigurationList;
			buildConfigurations = (
				9A6850DA1AD4A20E00ACCE29 /* Debug */,
				9A6850DB1AD4A20E00ACCE29 /* Release */,
			);
			defaultConfigurationIsVisible = 0;
			defaultConfigurationName = Release;
		};
/* End XCConfigurationList section */
	};
	rootObject = 9A6850B01AD4A20E00ACCE29 /* Project object */;
}
